
Microsoft Visual Studio Solution File, Format Version 12.00
# Visual Studio Version 16
VisualStudioVersion = 16.0.29102.190
MinimumVisualStudioVersion = 10.0.40219.1
Project("{FAE04EC0-301F-11D3-BF4B-00C04F79EFBC}") = "voiceduck", "voiceduck\voiceduck.csproj", "{93862445-04EF-469C-842B-92C40396827C}"
EndProject
Global
	GlobalSection(SolutionConfigurationPlatforms) = preSolution
		Debug|Any CPU = Debug|Any CPU
		Release|Any CPU = Release|Any CPU
	EndGlobalSection
	GlobalSection(ProjectConfigurationPlatforms) = postSolution
		{93862445-04EF-469C-842B-92C40396827C}.Debug|Any CPU.ActiveCfg = Debug|Any CPU
		{93862445-04EF-469C-842B-92C40396827C}.Debug|Any CPU.Build.0 = Debug|Any CPU
		{93862445-04EF-469C-842B-92C40396827C}.Release|Any CPU.ActiveCfg = Release|Any CPU
		{93862445-04EF-469C-842B-92C40396827C}.Release|Any CPU.Build.0 = Release|Any CPU
	EndGlobalSection
	GlobalSection(SolutionProperties) = preSolution
		HideSolutionNode = FALSE
	EndGlobalSection
	GlobalSection(ExtensibilityGlobals) = postSolution
		SolutionGuid = {F529D21D-74E7-48E2-8C83-9C2AA440CC1C}
	EndGlobalSection
EndGlobal
